
Microsoft Visual Studio Solution File, Format Version 12.00
# Visual Studio Version 16
VisualStudioVersion = 16.0.30804.86
MinimumVisualStudioVersion = 10.0.40219.1
Project("{FAE04EC0-301F-11D3-BF4B-00C04F79EFBC}") = "Mobilya", "Mobilya\Mobilya.csproj", "{80997FCA-6E1E-4719-9BB1-0F051544C2B9}"
EndProject
Project("{FAE04EC0-301F-11D3-BF4B-00C04F79EFBC}") = "COREE", "COREE\COREE.csproj", "{4CC5F1A5-2702-453F-BC70-444C6A63852B}"
EndProject
Global
	GlobalSection(SolutionConfigurationPlatforms) = preSolution
		Debug|Any CPU = Debug|Any CPU
		Release|Any CPU = Release|Any CPU
	EndGlobalSection
	GlobalSection(ProjectConfigurationPlatforms) = postSolution
		{80997FCA-6E1E-4719-9BB1-0F051544C2B9}.Debug|Any CPU.ActiveCfg = Debug|Any CPU
		{80997FCA-6E1E-4719-9BB1-0F051544C2B9}.Debug|Any CPU.Build.0 = Debug|Any CPU
		{80997FCA-6E1E-4719-9BB1-0F051544C2B9}.Release|Any CPU.ActiveCfg = Release|Any CPU
		{80997FCA-6E1E-4719-9BB1-0F051544C2B9}.Release|Any CPU.Build.0 = Release|Any CPU
		{4CC5F1A5-2702-453F-BC70-444C6A63852B}.Debug|Any CPU.ActiveCfg = Debug|Any CPU
		{4CC5F1A5-2702-453F-BC70-444C6A63852B}.Debug|Any CPU.Build.0 = Debug|Any CPU
		{4CC5F1A5-2702-453F-BC70-444C6A63852B}.Release|Any CPU.ActiveCfg = Release|Any CPU
		{4CC5F1A5-2702-453F-BC70-444C6A63852B}.Release|Any CPU.Build.0 = Release|Any CPU
	EndGlobalSection
	GlobalSection(SolutionProperties) = preSolution
		HideSolutionNode = FALSE
	EndGlobalSection
	GlobalSection(ExtensibilityGlobals) = postSolution
		SolutionGuid = {E564DF33-1F41-44E7-917A-C00EC9AEFF52}
	EndGlobalSection
EndGlobal
